// !$*UTF8*$!
{
	archiveVersion = 1;
	classes = {
	};
	objectVersion = 50;
	objects = {

/* Begin PBXBuildFile section */
		D70BDBEF213DD1B400260036 /* AppDelegate.swift in Sources */ = {isa = PBXBuildFile; fileRef = D70BDBEE213DD1B400260036 /* AppDelegate.swift */; };
		D70BDBF4213DD1B400260036 /* Main.storyboard in Resources */ = {isa = PBXBuildFile; fileRef = D70BDBF2213DD1B400260036 /* Main.storyboard */; };
		D70BDBF6213DD1B400260036 /* Assets.xcassets in Resources */ = {isa = PBXBuildFile; fileRef = D70BDBF5213DD1B400260036 /* Assets.xcassets */; };
		D70BDBF9213DD1B400260036 /* LaunchScreen.storyboard in Resources */ = {isa = PBXBuildFile; fileRef = D70BDBF7213DD1B400260036 /* LaunchScreen.storyboard */; };
		D70BDC02213DD42E00260036 /* Representative.swift in Sources */ = {isa = PBXBuildFile; fileRef = D70BDC01213DD42E00260036 /* Representative.swift */; };
		D70BDC06213DD66900260036 /* States.swift in Sources */ = {isa = PBXBuildFile; fileRef = D70BDC05213DD66900260036 /* States.swift */; };
		D70BDC09213DD79100260036 /* RepresentativeController.swift in Sources */ = {isa = PBXBuildFile; fileRef = D70BDC08213DD79100260036 /* RepresentativeController.swift */; };
		D70BDC0B213DEDC000260036 /* StateListViewController.swift in Sources */ = {isa = PBXBuildFile; fileRef = D70BDC0A213DEDC000260036 /* StateListViewController.swift */; };
		D70BDC0F213DF46700260036 /* StateDetailViewController.swift in Sources */ = {isa = PBXBuildFile; fileRef = D70BDC0E213DF46700260036 /* StateDetailViewController.swift */; };
		D70BDC12213DF4DA00260036 /* RepresentativeTableViewCell.swift in Sources */ = {isa = PBXBuildFile; fileRef = D70BDC11213DF4DA00260036 /* RepresentativeTableViewCell.swift */; };
/* End PBXBuildFile section */

/* Begin PBXFileReference section */
		D70BDBEB213DD1B400260036 /* Representatives.app */ = {isa = PBXFileReference; explicitFileType = wrapper.application; includeInIndex = 0; path = Representatives.app; sourceTree = BUILT_PRODUCTS_DIR; };
		D70BDBEE213DD1B400260036 /* AppDelegate.swift */ = {isa = PBXFileReference; lastKnownFileType = sourcecode.swift; path = AppDelegate.swift; sourceTree = "<group>"; };
		D70BDBF3213DD1B400260036 /* Base */ = {isa = PBXFileReference; lastKnownFileType = file.storyboard; name = Base; path = Base.lproj/Main.storyboard; sourceTree = "<group>"; };
		D70BDBF5213DD1B400260036 /* Assets.xcassets */ = {isa = PBXFileReference; lastKnownFileType = folder.assetcatalog; path = Assets.xcassets; sourceTree = "<group>"; };
		D70BDBF8213DD1B400260036 /* Base */ = {isa = PBXFileReference; lastKnownFileType = file.storyboard; name = Base; path = Base.lproj/LaunchScreen.storyboard; sourceTree = "<group>"; };
		D70BDBFA213DD1B400260036 /* Info.plist */ = {isa = PBXFileReference; lastKnownFileType = text.plist.xml; path = Info.plist; sourceTree = "<group>"; };
		D70BDC01213DD42E00260036 /* Representative.swift */ = {isa = PBXFileReference; lastKnownFileType = sourcecode.swift; path = Representative.swift; sourceTree = "<group>"; };
		D70BDC05213DD66900260036 /* States.swift */ = {isa = PBXFileReference; lastKnownFileType = sourcecode.swift; path = States.swift; sourceTree = "<group>"; };
		D70BDC08213DD79100260036 /* RepresentativeController.swift */ = {isa = PBXFileReference; lastKnownFileType = sourcecode.swift; path = RepresentativeController.swift; sourceTree = "<group>"; };
		D70BDC0A213DEDC000260036 /* StateListViewController.swift */ = {isa = PBXFileReference; lastKnownFileType = sourcecode.swift; path = StateListViewController.swift; sourceTree = "<group>"; };
		D70BDC0E213DF46700260036 /* StateDetailViewController.swift */ = {isa = PBXFileReference; lastKnownFileType = sourcecode.swift; path = StateDetailViewController.swift; sourceTree = "<group>"; };
		D70BDC11213DF4DA00260036 /* RepresentativeTableViewCell.swift */ = {isa = PBXFileReference; lastKnownFileType = sourcecode.swift; path = RepresentativeTableViewCell.swift; sourceTree = "<group>"; };
/* End PBXFileReference section */

/* Begin PBXFrameworksBuildPhase section */
		D70BDBE8213DD1B400260036 /* Frameworks */ = {
			isa = PBXFrameworksBuildPhase;
			buildActionMask = 2147483647;
			files = (
			);
			runOnlyForDeploymentPostprocessing = 0;
		};
/* End PBXFrameworksBuildPhase section */

/* Begin PBXGroup section */
		D70BDBE2213DD1B300260036 = {
			isa = PBXGroup;
			children = (
				D70BDBED213DD1B400260036 /* Representatives */,
				D70BDBEC213DD1B400260036 /* Products */,
			);
			sourceTree = "<group>";
		};
		D70BDBEC213DD1B400260036 /* Products */ = {
			isa = PBXGroup;
			children = (
				D70BDBEB213DD1B400260036 /* Representatives.app */,
			);
			name = Products;
			sourceTree = "<group>";
		};
		D70BDBED213DD1B400260036 /* Representatives */ = {
			isa = PBXGroup;
			children = (
				D70BDC00213DD41F00260036 /* Model */,
				D70BDC07213DD77900260036 /* ModelController */,
				D70BDC10213DF4C000260036 /* View */,
				D70BDC04213DD5A500260036 /* ViewControllers */,
				D70BDC03213DD59E00260036 /* Resources */,
			);
			path = Representatives;
			sourceTree = "<group>";
		};
		D70BDC00213DD41F00260036 /* Model */ = {
			isa = PBXGroup;
			children = (
				D70BDC01213DD42E00260036 /* Representative.swift */,
				D70BDC05213DD66900260036 /* States.swift */,
			);
			path = Model;
			sourceTree = "<group>";
		};
		D70BDC03213DD59E00260036 /* Resources */ = {
			isa = PBXGroup;
			children = (
				D70BDBEE213DD1B400260036 /* AppDelegate.swift */,
				D70BDBF2213DD1B400260036 /* Main.storyboard */,
				D70BDBF5213DD1B400260036 /* Assets.xcassets */,
				D70BDBF7213DD1B400260036 /* LaunchScreen.storyboard */,
				D70BDBFA213DD1B400260036 /* Info.plist */,
			);
			path = Resources;
			sourceTree = "<group>";
		};
		D70BDC04213DD5A500260036 /* ViewControllers */ = {
			isa = PBXGroup;
			children = (
				D70BDC0A213DEDC000260036 /* StateListViewController.swift */,
				D70BDC0E213DF46700260036 /* StateDetailViewController.swift */,
			);
			path = ViewControllers;
			sourceTree = "<group>";
		};
		D70BDC07213DD77900260036 /* ModelController */ = {
			isa = PBXGroup;
			children = (
				D70BDC08213DD79100260036 /* RepresentativeController.swift */,
			);
			path = ModelController;
			sourceTree = "<group>";
		};
		D70BDC10213DF4C000260036 /* View */ = {
			isa = PBXGroup;
			children = (
				D70BDC11213DF4DA00260036 /* RepresentativeTableViewCell.swift */,
			);
			path = View;
			sourceTree = "<group>";
		};
/* End PBXGroup section */

/* Begin PBXNativeTarget section */
		D70BDBEA213DD1B400260036 /* Representatives */ = {
			isa = PBXNativeTarget;
			buildConfigurationList = D70BDBFD213DD1B400260036 /* Build configuration list for PBXNativeTarget "Representatives" */;
			buildPhases = (
				D70BDBE7213DD1B400260036 /* Sources */,
				D70BDBE8213DD1B400260036 /* Frameworks */,
				D70BDBE9213DD1B400260036 /* Resources */,
			);
			buildRules = (
			);
			dependencies = (
			);
			name = Representatives;
			productName = Representatives;
			productReference = D70BDBEB213DD1B400260036 /* Representatives.app */;
			productType = "com.apple.product-type.application";
		};
/* End PBXNativeTarget section */

/* Begin PBXProject section */
		D70BDBE3213DD1B300260036 /* Project object */ = {
			isa = PBXProject;
			attributes = {
				LastSwiftUpdateCheck = 0940;
				LastUpgradeCheck = 0940;
				ORGANIZATIONNAME = "Jason Goodney";
				TargetAttributes = {
					D70BDBEA213DD1B400260036 = {
						CreatedOnToolsVersion = 9.4.1;
					};
				};
			};
			buildConfigurationList = D70BDBE6213DD1B300260036 /* Build configuration list for PBXProject "Representatives" */;
			compatibilityVersion = "Xcode 9.3";
			developmentRegion = en;
			hasScannedForEncodings = 0;
			knownRegions = (
				en,
				Base,
			);
			mainGroup = D70BDBE2213DD1B300260036;
			productRefGroup = D70BDBEC213DD1B400260036 /* Products */;
			projectDirPath = "";
			projectRoot = "";
			targets = (
				D70BDBEA213DD1B400260036 /* Representatives */,
			);
		};
/* End PBXProject section */

/* Begin PBXResourcesBuildPhase section */
		D70BDBE9213DD1B400260036 /* Resources */ = {
			isa = PBXResourcesBuildPhase;
			buildActionMask = 2147483647;
			files = (
				D70BDBF9213DD1B400260036 /* LaunchScreen.storyboard in Resources */,
				D70BDBF6213DD1B400260036 /* Assets.xcassets in Resources */,
				D70BDBF4213DD1B400260036 /* Main.storyboard in Resources */,
			);
			runOnlyForDeploymentPostprocessing = 0;
		};
/* End PBXResourcesBuildPhase section */

/* Begin PBXSourcesBuildPhase section */
		D70BDBE7213DD1B400260036 /* Sources */ = {
			isa = PBXSourcesBuildPhase;
			buildActionMask = 2147483647;
			files = (
				D70BDC12213DF4DA00260036 /* RepresentativeTableViewCell.swift in Sources */,
				D70BDC09213DD79100260036 /* RepresentativeController.swift in Sources */,
				D70BDBEF213DD1B400260036 /* AppDelegate.swift in Sources */,
				D70BDC02213DD42E00260036 /* Representative.swift in Sources */,
				D70BDC0B213DEDC000260036 /* StateListViewController.swift in Sources */,
				D70BDC06213DD66900260036 /* States.swift in Sources */,
				D70BDC0F213DF46700260036 /* StateDetailViewController.swift in Sources */,
			);
			runOnlyForDeploymentPostprocessing = 0;
		};
/* End PBXSourcesBuildPhase section */

/* Begin PBXVariantGroup section */
		D70BDBF2213DD1B400260036 /* Main.storyboard */ = {
			isa = PBXVariantGroup;
			children = (
				D70BDBF3213DD1B400260036 /* Base */,
			);
			name = Main.storyboard;
			sourceTree = "<group>";
		};
		D70BDBF7213DD1B400260036 /* LaunchScreen.storyboard */ = {
			isa = PBXVariantGroup;
			children = (
				D70BDBF8213DD1B400260036 /* Base */,
			);
			name = LaunchScreen.storyboard;
			sourceTree = "<group>";
		};
/* End PBXVariantGroup section */

/* Begin XCBuildConfiguration section */
		D70BDBFB213DD1B400260036 /* Debug */ = {
			isa = XCBuildConfiguration;
			buildSettings = {
				ALWAYS_SEARCH_USER_PATHS = NO;
				CLANG_ANALYZER_NONNULL = YES;
				CLANG_ANALYZER_NUMBER_OBJECT_CONVERSION = YES_AGGRESSIVE;
				CLANG_CXX_LANGUAGE_STANDARD = "gnu++14";
				CLANG_CXX_LIBRARY = "libc++";
				CLANG_ENABLE_MODULES = YES;
				CLANG_ENABLE_OBJC_ARC = YES;
				CLANG_ENABLE_OBJC_WEAK = YES;
				CLANG_WARN_BLOCK_CAPTURE_AUTORELEASING = YES;
				CLANG_WARN_BOOL_CONVERSION = YES;
				CLANG_WARN_COMMA = YES;
				CLANG_WARN_CONSTANT_CONVERSION = YES;
				CLANG_WARN_DEPRECATED_OBJC_IMPLEMENTATIONS = YES;
				CLANG_WARN_DIRECT_OBJC_ISA_USAGE = YES_ERROR;
				CLANG_WARN_DOCUMENTATION_COMMENTS = YES;
				CLANG_WARN_EMPTY_BODY = YES;
				CLANG_WARN_ENUM_CONVERSION = YES;
				CLANG_WARN_INFINITE_RECURSION = YES;
				CLANG_WARN_INT_CONVERSION = YES;
				CLANG_WARN_NON_LITERAL_NULL_CONVERSION = YES;
				CLANG_WARN_OBJC_IMPLICIT_RETAIN_SELF = YES;
				CLANG_WARN_OBJC_LITERAL_CONVERSION = YES;
				CLANG_WARN_OBJC_ROOT_CLASS = YES_ERROR;
				CLANG_WARN_RANGE_LOOP_ANALYSIS = YES;
				CLANG_WARN_STRICT_PROTOTYPES = YES;
				CLANG_WARN_SUSPICIOUS_MOVE = YES;
				CLANG_WARN_UNGUARDED_AVAILABILITY = YES_AGGRESSIVE;
				CLANG_WARN_UNREACHABLE_CODE = YES;
				CLANG_WARN__DUPLICATE_METHOD_MATCH = YES;
				CODE_SIGN_IDENTITY = "iPhone Developer";
				COPY_PHASE_STRIP = NO;
				DEBUG_INFORMATION_FORMAT = dwarf;
				ENABLE_STRICT_OBJC_MSGSEND = YES;
				ENABLE_TESTABILITY = YES;
				GCC_C_LANGUAGE_STANDARD = gnu11;
				GCC_DYNAMIC_NO_PIC = NO;
				GCC_NO_COMMON_BLOCKS = YES;
				GCC_OPTIMIZATION_LEVEL = 0;
				GCC_PREPROCESSOR_DEFINITIONS = (
					"DEBUG=1",
					"$(inherited)",
				);
				GCC_WARN_64_TO_32_BIT_CONVERSION = YES;
				GCC_WARN_ABOUT_RETURN_TYPE = YES_ERROR;
				GCC_WARN_UNDECLARED_SELECTOR = YES;
				GCC_WARN_UNINITIALIZED_AUTOS = YES_AGGRESSIVE;
				GCC_WARN_UNUSED_FUNCTION = YES;
				GCC_WARN_UNUSED_VARIABLE = YES;
				IPHONEOS_DEPLOYMENT_TARGET = 11.4;
				MTL_ENABLE_DEBUG_INFO = YES;
				ONLY_ACTIVE_ARCH = YES;
				SDKROOT = iphoneos;
				SWIFT_ACTIVE_COMPILATION_CONDITIONS = DEBUG;
				SWIFT_OPTIMIZATION_LEVEL = "-Onone";
			};
			name = Debug;
		};
		D70BDBFC213DD1B400260036 /* Release */ = {
			isa = XCBuildConfiguration;
			buildSettings = {
				ALWAYS_SEARCH_USER_PATHS = NO;
				CLANG_ANALYZER_NONNULL = YES;
				CLANG_ANALYZER_NUMBER_OBJECT_CONVERSION = YES_AGGRESSIVE;
				CLANG_CXX_LANGUAGE_STANDARD = "gnu++14";
				CLANG_CXX_LIBRARY = "libc++";
				CLANG_ENABLE_MODULES = YES;
				CLANG_ENABLE_OBJC_ARC = YES;
				CLANG_ENABLE_OBJC_WEAK = YES;
				CLANG_WARN_BLOCK_CAPTURE_AUTORELEASING = YES;
				CLANG_WARN_BOOL_CONVERSION = YES;
				CLANG_WARN_COMMA = YES;
				CLANG_WARN_CONSTANT_CONVERSION = YES;
				CLANG_WARN_DEPRECATED_OBJC_IMPLEMENTATIONS = YES;
				CLANG_WARN_DIRECT_OBJC_ISA_USAGE = YES_ERROR;
				CLANG_WARN_DOCUMENTATION_COMMENTS = YES;
				CLANG_WARN_EMPTY_BODY = YES;
				CLANG_WARN_ENUM_CONVERSION = YES;
				CLANG_WARN_INFINITE_RECURSION = YES;
				CLANG_WARN_INT_CONVERSION = YES;
				CLANG_WARN_NON_LITERAL_NULL_CONVERSION = YES;
				CLANG_WARN_OBJC_IMPLICIT_RETAIN_SELF = YES;
				CLANG_WARN_OBJC_LITERAL_CONVERSION = YES;
				CLANG_WARN_OBJC_ROOT_CLASS = YES_ERROR;
				CLANG_WARN_RANGE_LOOP_ANALYSIS = YES;
				CLANG_WARN_STRICT_PROTOTYPES = YES;
				CLANG_WARN_SUSPICIOUS_MOVE = YES;
				CLANG_WARN_UNGUARDED_AVAILABILITY = YES_AGGRESSIVE;
				CLANG_WARN_UNREACHABLE_CODE = YES;
				CLANG_WARN__DUPLICATE_METHOD_MATCH = YES;
				CODE_SIGN_IDENTITY = "iPhone Developer";
				COPY_PHASE_STRIP = NO;
				DEBUG_INFORMATION_FORMAT = "dwarf-with-dsym";
				ENABLE_NS_ASSERTIONS = NO;
				ENABLE_STRICT_OBJC_MSGSEND = YES;
				GCC_C_LANGUAGE_STANDARD = gnu11;
				GCC_NO_COMMON_BLOCKS = YES;
				GCC_WARN_64_TO_32_BIT_CONVERSION = YES;
				GCC_WARN_ABOUT_RETURN_TYPE = YES_ERROR;
				GCC_WARN_UNDECLARED_SELECTOR = YES;
				GCC_WARN_UNINITIALIZED_AUTOS = YES_AGGRESSIVE;
				GCC_WARN_UNUSED_FUNCTION = YES;
				GCC_WARN_UNUSED_VARIABLE = YES;
				IPHONEOS_DEPLOYMENT_TARGET = 11.4;
				MTL_ENABLE_DEBUG_INFO = NO;
				SDKROOT = iphoneos;
				SWIFT_COMPILATION_MODE = wholemodule;
				SWIFT_OPTIMIZATION_LEVEL = "-O";
				VALIDATE_PRODUCT = YES;
			};
			name = Release;
		};
		D70BDBFE213DD1B400260036 /* Debug */ = {
			isa = XCBuildConfiguration;
			buildSettings = {
				ASSETCATALOG_COMPILER_APPICON_NAME = AppIcon;
				CODE_SIGN_STYLE = Automatic;
				DEVELOPMENT_TEAM = K2R548H5LT;
				INFOPLIST_FILE = "$(SRCROOT)/Representatives/Resources/Info.plist";
				LD_RUNPATH_SEARCH_PATHS = (
					"$(inherited)",
					"@executable_path/Frameworks",
				);
				PRODUCT_BUNDLE_IDENTIFIER = com.jasongoodney.Representatives;
				PRODUCT_NAME = "$(TARGET_NAME)";
				SWIFT_VERSION = 4.0;
				TARGETED_DEVICE_FAMILY = "1,2";
			};
			name = Debug;
		};
		D70BDBFF213DD1B400260036 /* Release */ = {
			isa = XCBuildConfiguration;
			buildSettings = {
				ASSETCATALOG_COMPILER_APPICON_NAME = AppIcon;
				CODE_SIGN_STYLE = Automatic;
				DEVELOPMENT_TEAM = K2R548H5LT;
				INFOPLIST_FILE = "$(SRCROOT)/Representatives/Resources/Info.plist";
				LD_RUNPATH_SEARCH_PATHS = (
					"$(inherited)",
					"@executable_path/Frameworks",
				);
				PRODUCT_BUNDLE_IDENTIFIER = com.jasongoodney.Representatives;
				PRODUCT_NAME = "$(TARGET_NAME)";
				SWIFT_VERSION = 4.0;
				TARGETED_DEVICE_FAMILY = "1,2";
			};
			name = Release;
		};
/* End XCBuildConfiguration section */

/* Begin XCConfigurationList section */
		D70BDBE6213DD1B300260036 /* Build configuration list for PBXProject "Representatives" */ = {
			isa = XCConfigurationList;
			buildConfigurations = (
				D70BDBFB213DD1B400260036 /* Debug */,
				D70BDBFC213DD1B400260036 /* Release */,
			);
			defaultConfigurationIsVisible = 0;
			defaultConfigurationName = Release;
		};
		D70BDBFD213DD1B400260036 /* Build configuration list for PBXNativeTarget "Representatives" */ = {
			isa = XCConfigurationList;
			buildConfigurations = (
				D70BDBFE213DD1B400260036 /* Debug */,
				D70BDBFF213DD1B400260036 /* Release */,
			);
			defaultConfigurationIsVisible = 0;
			defaultConfigurationName = Release;
		};
/* End XCConfigurationList section */
	};
	rootObject = D70BDBE3213DD1B300260036 /* Project object */;
}
